Microsoft Visual Studio Solution File, Format Version 12.00
# Visual Studio Version 17
Project("{FAE04EC0-301F-11D3-BF4B-00C04F79EFBC}") = "GeneratedProject", "src\GeneratedProject\GeneratedProject.csproj", "84BCCCFF-4F11-4E04-BC1A-F70E935FA72A"
EndProject
Global
	GlobalSection(SolutionConfigurationPlatforms) = preSolution
		Debug|Any CPU = Debug|Any CPU
		Release|Any CPU = Release|Any CPU
	EndGlobalSection
	GlobalSection(ProjectConfigurationPlatforms) = postSolution
		84BCCCFF-4F11-4E04-BC1A-F70E935FA72A.Debug|Any CPU.ActiveCfg = Debug|Any CPU
		84BCCCFF-4F11-4E04-BC1A-F70E935FA72A.Debug|Any CPU.Build.0 = Debug|Any CPU
		84BCCCFF-4F11-4E04-BC1A-F70E935FA72A.Release|Any CPU.ActiveCfg = Release|Any CPU
		84BCCCFF-4F11-4E04-BC1A-F70E935FA72A.Release|Any CPU.Build.0 = Release|Any CPU
	EndGlobalSection
EndGlobal
